
Microsoft Visual Studio Solution File, Format Version 12.00
# Visual Studio Version 17
VisualStudioVersion = 17.10.34928.147
MinimumVisualStudioVersion = 10.0.40219.1
Project("{9A19103F-16F7-4668-BE54-9A1E7A4F7556}") = "IntroductionToLinq", "IntroductionToLinq\IntroductionToLinq.csproj", "{6DA97CA3-3F1F-4FD0-853B-0B412B185943}"
EndProject
Project("{9A19103F-16F7-4668-BE54-9A1E7A4F7556}") = "LINQ_ObjectsAndQueryOperators", "LINQ_ObjectsAndQueryOperators\LINQ_ObjectsAndQueryOperators.csproj", "{3E204FE0-3916-44E2-9957-086EF601289A}"
EndProject
Project("{FAE04EC0-301F-11D3-BF4B-00C04F79EFBC}") = "LinqWithXML", "LinqWithXML\LinqWithXML.csproj", "{C243FDC7-CF20-4E6F-885C-43C0835544A0}"
EndProject
Global
	GlobalSection(SolutionConfigurationPlatforms) = preSolution
		Debug|Any CPU = Debug|Any CPU
		Release|Any CPU = Release|Any CPU
	EndGlobalSection
	GlobalSection(ProjectConfigurationPlatforms) = postSolution
		{6DA97CA3-3F1F-4FD0-853B-0B412B185943}.Debug|Any CPU.ActiveCfg = Debug|Any CPU
		{6DA97CA3-3F1F-4FD0-853B-0B412B185943}.Debug|Any CPU.Build.0 = Debug|Any CPU
		{6DA97CA3-3F1F-4FD0-853B-0B412B185943}.Release|Any CPU.ActiveCfg = Release|Any CPU
		{6DA97CA3-3F1F-4FD0-853B-0B412B185943}.Release|Any CPU.Build.0 = Release|Any CPU
		{3E204FE0-3916-44E2-9957-086EF601289A}.Debug|Any CPU.ActiveCfg = Debug|Any CPU
		{3E204FE0-3916-44E2-9957-086EF601289A}.Debug|Any CPU.Build.0 = Debug|Any CPU
		{3E204FE0-3916-44E2-9957-086EF601289A}.Release|Any CPU.ActiveCfg = Release|Any CPU
		{3E204FE0-3916-44E2-9957-086EF601289A}.Release|Any CPU.Build.0 = Release|Any CPU
		{C243FDC7-CF20-4E6F-885C-43C0835544A0}.Debug|Any CPU.ActiveCfg = Debug|Any CPU
		{C243FDC7-CF20-4E6F-885C-43C0835544A0}.Debug|Any CPU.Build.0 = Debug|Any CPU
		{C243FDC7-CF20-4E6F-885C-43C0835544A0}.Release|Any CPU.ActiveCfg = Release|Any CPU
		{C243FDC7-CF20-4E6F-885C-43C0835544A0}.Release|Any CPU.Build.0 = Release|Any CPU
	EndGlobalSection
	GlobalSection(SolutionProperties) = preSolution
		HideSolutionNode = FALSE
	EndGlobalSection
	GlobalSection(ExtensibilityGlobals) = postSolution
		SolutionGuid = {4C8096E3-2C13-4F0D-931D-AA95B3BEE424}
	EndGlobalSection
EndGlobal
